
Microsoft Visual Studio Solution File, Format Version 12.00
# Visual Studio Version 18
VisualStudioVersion = 18.1.11312.151 d18.0
MinimumVisualStudioVersion = 10.0.40219.1
Project("{FAE04EC0-301F-11D3-BF4B-00C04F79EFBC}") = "EfCoreLab_LAB1", "EfCoreLab_LAB1.csproj", "{4FE8A7D4-DAC6-92F0-80A5-7599FF4541FC}"
EndProject
Global
	GlobalSection(SolutionConfigurationPlatforms) = preSolution
		Debug|Any CPU = Debug|Any CPU
		Release|Any CPU = Release|Any CPU
	EndGlobalSection
	GlobalSection(ProjectConfigurationPlatforms) = postSolution
		{4FE8A7D4-DAC6-92F0-80A5-7599FF4541FC}.Debug|Any CPU.ActiveCfg = Debug|Any CPU
		{4FE8A7D4-DAC6-92F0-80A5-7599FF4541FC}.Debug|Any CPU.Build.0 = Debug|Any CPU
		{4FE8A7D4-DAC6-92F0-80A5-7599FF4541FC}.Release|Any CPU.ActiveCfg = Release|Any CPU
		{4FE8A7D4-DAC6-92F0-80A5-7599FF4541FC}.Release|Any CPU.Build.0 = Release|Any CPU
	EndGlobalSection
	GlobalSection(SolutionProperties) = preSolution
		HideSolutionNode = FALSE
	EndGlobalSection
	GlobalSection(ExtensibilityGlobals) = postSolution
		SolutionGuid = {66A292E5-FBD0-42E4-A36F-9677D13AB348}
	EndGlobalSection
EndGlobal
